
Microsoft Visual Studio Solution File, Format Version 12.00
# Visual Studio Version 16
VisualStudioVersion = 16.0.30413.136
MinimumVisualStudioVersion = 10.0.40219.1
Project("{FAE04EC0-301F-11D3-BF4B-00C04F79EFBC}") = "SimpleCalculator", "SimpleCalculator\SimpleCalculator.csproj", "{A2FD9A3B-684C-4CF6-8ACE-D85BEDF61A25}"
EndProject
Global
	GlobalSection(SolutionConfigurationPlatforms) = preSolution
		Debug|Any CPU = Debug|Any CPU
		Release|Any CPU = Release|Any CPU
	EndGlobalSection
	GlobalSection(ProjectConfigurationPlatforms) = postSolution
		{A2FD9A3B-684C-4CF6-8ACE-D85BEDF61A25}.Debug|Any CPU.ActiveCfg = Debug|Any CPU
		{A2FD9A3B-684C-4CF6-8ACE-D85BEDF61A25}.Debug|Any CPU.Build.0 = Debug|Any CPU
		{A2FD9A3B-684C-4CF6-8ACE-D85BEDF61A25}.Release|Any CPU.ActiveCfg = Release|Any CPU
		{A2FD9A3B-684C-4CF6-8ACE-D85BEDF61A25}.Release|Any CPU.Build.0 = Release|Any CPU
	EndGlobalSection
	GlobalSection(SolutionProperties) = preSolution
		HideSolutionNode = FALSE
	EndGlobalSection
	GlobalSection(ExtensibilityGlobals) = postSolution
		SolutionGuid = {CF685AC3-D84C-4B46-9DD7-5A2278F017CD}
	EndGlobalSection
EndGlobal
